
Microsoft Visual Studio Solution File, Format Version 12.00
# Visual Studio Version 16
VisualStudioVersion = 16.0.30621.155
MinimumVisualStudioVersion = 10.0.40219.1
Project("{FAE04EC0-301F-11D3-BF4B-00C04F79EFBC}") = "GitConsole", "GitConsole\GitConsole.csproj", "{8D605BC0-B113-42B3-A05B-B710F9AE4B14}"
EndProject
Project("{FAE04EC0-301F-11D3-BF4B-00C04F79EFBC}") = "GitSheller", "GitSheller\GitSheller.csproj", "{C771F4FD-8E62-4E9A-98C1-6DEC3EBA3927}"
EndProject
Global
	GlobalSection(SolutionConfigurationPlatforms) = preSolution
		Debug|Any CPU = Debug|Any CPU
		Release|Any CPU = Release|Any CPU
	EndGlobalSection
	GlobalSection(ProjectConfigurationPlatforms) = postSolution
		{8D605BC0-B113-42B3-A05B-B710F9AE4B14}.Debug|Any CPU.ActiveCfg = Debug|Any CPU
		{8D605BC0-B113-42B3-A05B-B710F9AE4B14}.Debug|Any CPU.Build.0 = Debug|Any CPU
		{8D605BC0-B113-42B3-A05B-B710F9AE4B14}.Release|Any CPU.ActiveCfg = Release|Any CPU
		{8D605BC0-B113-42B3-A05B-B710F9AE4B14}.Release|Any CPU.Build.0 = Release|Any CPU
		{C771F4FD-8E62-4E9A-98C1-6DEC3EBA3927}.Debug|Any CPU.ActiveCfg = Debug|Any CPU
		{C771F4FD-8E62-4E9A-98C1-6DEC3EBA3927}.Debug|Any CPU.Build.0 = Debug|Any CPU
		{C771F4FD-8E62-4E9A-98C1-6DEC3EBA3927}.Release|Any CPU.ActiveCfg = Release|Any CPU
		{C771F4FD-8E62-4E9A-98C1-6DEC3EBA3927}.Release|Any CPU.Build.0 = Release|Any CPU
	EndGlobalSection
	GlobalSection(SolutionProperties) = preSolution
		HideSolutionNode = FALSE
	EndGlobalSection
	GlobalSection(ExtensibilityGlobals) = postSolution
		SolutionGuid = {6AFBF234-B1EB-4315-842F-B53B5F4513E6}
	EndGlobalSection
EndGlobal
